
Microsoft Visual Studio Solution File, Format Version 12.00
# Visual Studio Version 17
VisualStudioVersion = 17.12.35728.132 d17.12
MinimumVisualStudioVersion = 10.0.40219.1
Project("{FAE04EC0-301F-11D3-BF4B-00C04F79EFBC}") = "Presentation", "Presentation\Presentation.csproj", "{023C760F-BDD7-41CA-B2A4-61899FF84BEB}"
EndProject
Project("{FAE04EC0-301F-11D3-BF4B-00C04F79EFBC}") = "Core", "Core\Core.csproj", "{6E897618-FFC7-4D82-850E-B48943E623D6}"
EndProject
Project("{FAE04EC0-301F-11D3-BF4B-00C04F79EFBC}") = "Infrastructure", "Infrastructure\Infrastructure.csproj", "{51D3CA64-CA69-4B58-8C28-2DE928A7F3E7}"
EndProject
Global
	GlobalSection(SolutionConfigurationPlatforms) = preSolution
		Debug|Any CPU = Debug|Any CPU
		Release|Any CPU = Release|Any CPU
	EndGlobalSection
	GlobalSection(ProjectConfigurationPlatforms) = postSolution
		{023C760F-BDD7-41CA-B2A4-61899FF84BEB}.Debug|Any CPU.ActiveCfg = Debug|Any CPU
		{023C760F-BDD7-41CA-B2A4-61899FF84BEB}.Debug|Any CPU.Build.0 = Debug|Any CPU
		{023C760F-BDD7-41CA-B2A4-61899FF84BEB}.Release|Any CPU.ActiveCfg = Release|Any CPU
		{023C760F-BDD7-41CA-B2A4-61899FF84BEB}.Release|Any CPU.Build.0 = Release|Any CPU
		{6E897618-FFC7-4D82-850E-B48943E623D6}.Debug|Any CPU.ActiveCfg = Debug|Any CPU
		{6E897618-FFC7-4D82-850E-B48943E623D6}.Debug|Any CPU.Build.0 = Debug|Any CPU
		{6E897618-FFC7-4D82-850E-B48943E623D6}.Release|Any CPU.ActiveCfg = Release|Any CPU
		{6E897618-FFC7-4D82-850E-B48943E623D6}.Release|Any CPU.Build.0 = Release|Any CPU
		{51D3CA64-CA69-4B58-8C28-2DE928A7F3E7}.Debug|Any CPU.ActiveCfg = Debug|Any CPU
		{51D3CA64-CA69-4B58-8C28-2DE928A7F3E7}.Debug|Any CPU.Build.0 = Debug|Any CPU
		{51D3CA64-CA69-4B58-8C28-2DE928A7F3E7}.Release|Any CPU.ActiveCfg = Release|Any CPU
		{51D3CA64-CA69-4B58-8C28-2DE928A7F3E7}.Release|Any CPU.Build.0 = Release|Any CPU
	EndGlobalSection
	GlobalSection(SolutionProperties) = preSolution
		HideSolutionNode = FALSE
	EndGlobalSection
EndGlobal
